<?xml version="1.0" encoding="utf-8"?>
<Project ToolsVersion="4.0" xmlns="http://schemas.microsoft.com/developer/msbuild/2003">
  <ItemGroup>
    <Filter Include="Temp">
      <UniqueIdentifier>{bd705715-c1a6-4692-9dd8-93a62c5544b9}</UniqueIdentifier>
    </Filter>
  </ItemGroup>
  <ItemGroup>
    <ClCompile Include="Source\Main\Main.cpp" />
    <ClCompile Include="Source\Common\Utility.cpp" />
    <ClCompile Include="Source\Debug\Exception.cpp" />
    <ClCompile Include="Source\Main\Init.cpp" />
    <ClCompile Include="Source\Actor\ActorFactory.cpp" />
    <ClCompile Include="Source\Common\Timer.cpp" />
    <ClCompile Include="Source\Actor\Actor.cpp" />
    <ClCompile Include="Source\Process\ProcessManager.cpp" />
    <ClCompile Include="Source\Sound\DirectSound.cpp" />
    <ClCompile Include="Source\Sound\Sound.cpp" />
    <ClCompile Include="Source\Event\EventManager.cpp" />
  </ItemGroup>
  <ItemGroup>
    <ClInclude Include="Source\Common\Utility.h" />
    <ClInclude Include="Source\Debug\Debugger.h" />
    <ClInclude Include="Source\Debug\Exception.h" />
    <ClInclude Include="Source\Debug\Logger.h" />
    <ClInclude Include="Source\Main\Init.h" />
    <ClInclude Include="Source\Actor\Actor.h" />
    <ClInclude Include="Source\Actor\ActorFactory.h" />
    <ClInclude Include="Source\Common\Vectors.h" />
    <ClInclude Include="Source\Common\TypeDef.h" />
    <ClInclude Include="Source\Debug\MathHelper.h" />
    <ClInclude Include="Source\Common\Timer.h" />
    <ClInclude Include="Source\Actor\ActorComponent.h" />
    <ClInclude Include="Source\Process\Process.h" />
    <ClInclude Include="Source\Process\ProcessManager.h" />
    <ClInclude Include="Source\Input\Input.h" />
    <ClInclude Include="Source\Sound\Sound.h" />
    <ClInclude Include="Source\Sound\DirectSound.h" />
    <ClInclude Include="Source\Event\EventData.h" />
    <ClInclude Include="Source\Event\EvtData_Destroy_Actor.h" />
    <ClInclude Include="Source\Event\EventManager.h" />
  </ItemGroup>
</Project>